{
  "name": "eth-oneroot",
  "version": "0.0.0",
  "lockfileVersion": 1,
  "requires": true,
  "dependencies": {
    "@webassemblyjs/ast": {
      "version": "1.7.6",
      "resolved": "http://registry.npm.taobao.org/@webassemblyjs/ast/download/@webassemblyjs/ast-1.7.6.tgz",
      "integrity": "sha1-PvjEWz5elDoVOgUoExdHT+9j4h4=",
      "dev": true,
      "requires": {
        "@webassemblyjs/helper-module-context": "1.7.6",
        "@webassemblyjs/helper-wasm-bytecode": "1.7.6",
        "@webassemblyjs/wast-parser": "1.7.6",
        "mamacro": "^0.0.3"
      }
    },
    "@webassemblyjs/floating-point-hex-parser": {
      "version": "1.7.6",
      "resolved": "http://registry.npm.taobao.org/@webassemblyjs/floating-point-hex-parser/download/@webassemblyjs/floating-point-hex-parser-1.7.6.tgz",
      "integrity": "sha1-fLN9UaBcP+CbRkrn5xHRqzg3gB8=",
      "dev": true
    },
    "@webassemblyjs/helper-api-error": {
      "version": "1.7.6",
      "resolved": "http://registry.npm.taobao.org/@webassemblyjs/helper-api-error/download/@webassemblyjs/helper-api-error-1.7.6.tgz",
      "integrity": "sha1-mbfjDmb1UKJjgpmhCd2oSmIgcO8=",
      "dev": true
    },
    "@webassemblyjs/helper-code-frame": {
      "version": "1.7.6",
      "resolved": "http://registry.npm.taobao.org/@webassemblyjs/helper-code-frame/download/@webassemblyjs/helper-code-frame-1.7.6.tgz",
      "integrity": "sha1-WpTSGwBXtpp0A/ygwlPDqsqVsaU=",
      "dev": true,
      "requires": {
        "@webassemblyjs/wast-printer": "1.7.6"
      }
    },
    "@webassemblyjs/helper-fsm": {
      "version": "1.7.6",
      "resolved": "http://registry.npm.taobao.org/@webassemblyjs/helper-fsm/download/@webassemblyjs/helper-fsm-1.7.6.tgz",
      "integrity": "sha1-rhdBxvYSEhPHoLWH+5ZPrEktPkk=",
      "dev": true
    },
    "@webassemblyjs/helper-module-context": {
      "version": "1.7.6",
      "resolved": "http://registry.npm.taobao.org/@webassemblyjs/helper-module-context/download/@webassemblyjs/helper-module-context-1.7.6.tgz",
      "integrity": "sha1-EW0ZpRps68iQCtU8o0/4JpxmjCM=",
      "dev": true,
      "requires": {
        "mamacro": "^0.0.3"
      }
    },
    "@webassemblyjs/helper-wasm-bytecode": {
      "version": "1.7.6",
      "resolved": "http://registry.npm.taobao.org/@webassemblyjs/helper-wasm-bytecode/download/@webassemblyjs/helper-wasm-bytecode-1.7.6.tgz",
      "integrity": "sha1-mOUV6u5hGqaDTrX2p/j1sp/vtvE=",
      "dev": true
    },
    "@webassemblyjs/wast-parser": {
      "version": "1.7.6",
      "resolved": "http://registry.npm.taobao.org/@webassemblyjs/wast-parser/download/@webassemblyjs/wast-parser-1.7.6.tgz",
      "integrity": "sha1-yk0gsVFuAXyRmBdzvX6BnWvZxqc=",
      "dev": true,
      "requires": {
        "@webassemblyjs/ast": "1.7.6",
        "@webassemblyjs/floating-point-hex-parser": "1.7.6",
        "@webassemblyjs/helper-api-error": "1.7.6",
        "@webassemblyjs/helper-code-frame": "1.7.6",
        "@webassemblyjs/helper-fsm": "1.7.6",
        "@xtuc/long": "4.2.1",
        "mamacro": "^0.0.3"
      }
    },
    "@webassemblyjs/wast-printer": {
      "version": "1.7.6",
      "resolved": "http://registry.npm.taobao.org/@webassemblyjs/wast-printer/download/@webassemblyjs/wast-printer-1.7.6.tgz",
      "integrity": "sha1-pgAsUmrF+iMP4sbS8b2/SurUOl4=",
      "dev": true,
      "requires": {
        "@webassemblyjs/ast": "1.7.6",
        "@webassemblyjs/wast-parser": "1.7.6",
        "@xtuc/long": "4.2.1"
      }
    },
    "@xtuc/long": {
      "version": "4.2.1",
      "resolved": "http://registry.npm.taobao.org/@xtuc/long/download/@xtuc/long-4.2.1.tgz",
      "integrity": "sha1-XIXWYvdvodNFdXZsXc1mFavNMNg=",
      "dev": true
    },
    "mamacro": {
      "version": "0.0.3",
      "resolved": "http://registry.npm.taobao.org/mamacro/download/mamacro-0.0.3.tgz",
      "integrity": "sha1-rSyVdhl8nxq/MI0Hh4Zb2XWj8+Q=",
      "dev": true
    }
  }
}
